
Microsoft Visual Studio Solution File, Format Version 12.00
# Visual Studio Version 17
VisualStudioVersion = 17.0.32126.317
MinimumVisualStudioVersion = 10.0.40219.1
Project("{FAE04EC0-301F-11D3-BF4B-00C04F79EFBC}") = "Threading", "Threading\Threading.csproj", "{377E7EDD-9195-46D7-B914-ED8300B92729}"
EndProject
Global
	GlobalSection(SolutionConfigurationPlatforms) = preSolution
		Debug|Any CPU = Debug|Any CPU
		Release|Any CPU = Release|Any CPU
	EndGlobalSection
	GlobalSection(ProjectConfigurationPlatforms) = postSolution
		{377E7EDD-9195-46D7-B914-ED8300B92729}.Debug|Any CPU.ActiveCfg = Debug|Any CPU
		{377E7EDD-9195-46D7-B914-ED8300B92729}.Debug|Any CPU.Build.0 = Debug|Any CPU
		{377E7EDD-9195-46D7-B914-ED8300B92729}.Release|Any CPU.ActiveCfg = Release|Any CPU
		{377E7EDD-9195-46D7-B914-ED8300B92729}.Release|Any CPU.Build.0 = Release|Any CPU
	EndGlobalSection
	GlobalSection(SolutionProperties) = preSolution
		HideSolutionNode = FALSE
	EndGlobalSection
	GlobalSection(ExtensibilityGlobals) = postSolution
		SolutionGuid = {7738D918-0C4A-4343-9254-6C9B48D7A8E1}
	EndGlobalSection
EndGlobal
